
Microsoft Visual Studio Solution File, Format Version 12.00
# Visual Studio Version 17
VisualStudioVersion = 17.3.32929.385
MinimumVisualStudioVersion = 10.0.40219.1
Project("{FAE04EC0-301F-11D3-BF4B-00C04F79EFBC}") = "CrudContatos", "CrudContatos\CrudContatos.csproj", "{939AD05E-CFDE-4A10-8C8A-909C195FFA43}"
EndProject
Global
	GlobalSection(SolutionConfigurationPlatforms) = preSolution
		Debug|Any CPU = Debug|Any CPU
		Release|Any CPU = Release|Any CPU
	EndGlobalSection
	GlobalSection(ProjectConfigurationPlatforms) = postSolution
		{939AD05E-CFDE-4A10-8C8A-909C195FFA43}.Debug|Any CPU.ActiveCfg = Debug|Any CPU
		{939AD05E-CFDE-4A10-8C8A-909C195FFA43}.Debug|Any CPU.Build.0 = Debug|Any CPU
		{939AD05E-CFDE-4A10-8C8A-909C195FFA43}.Release|Any CPU.ActiveCfg = Release|Any CPU
		{939AD05E-CFDE-4A10-8C8A-909C195FFA43}.Release|Any CPU.Build.0 = Release|Any CPU
	EndGlobalSection
	GlobalSection(SolutionProperties) = preSolution
		HideSolutionNode = FALSE
	EndGlobalSection
	GlobalSection(ExtensibilityGlobals) = postSolution
		SolutionGuid = {6BEB3B05-55FC-4B40-90A2-922061D4F8BF}
	EndGlobalSection
EndGlobal
